
Microsoft Visual Studio Solution File, Format Version 12.00
# Visual Studio 15
VisualStudioVersion = 15.0.27004.2002
MinimumVisualStudioVersion = 10.0.40219.1
Project("{F5034706-568F-408A-B7B3-4D38C6DB8A32}") = "azr-build-module", "azr-build-module.pssproj", "{6CAFC0C6-A428-4D30-A9F9-700E829FEA51}"
EndProject
Project("{F5034706-568F-408A-B7B3-4D38C6DB8A32}") = "BuildSheet", "BuildSheet\BuildSheet.pssproj", "{706A0D64-CA5D-42F3-BF77-8D02F4491B12}"
EndProject
Project("{2150E333-8FDC-42A3-9474-1A3956D46DE8}") = "NewFolder1", "NewFolder1", "{A188DFCD-6ED2-477F-BC1C-2E29A7184D06}"
EndProject
Project("{F5034706-568F-408A-B7B3-4D38C6DB8A32}") = "BuildDevice", "BuildDevice\BuildDevice.pssproj", "{F3BE50BF-2385-4558-BF43-3117CD2CFCDA}"
EndProject
Global
	GlobalSection(SolutionConfigurationPlatforms) = preSolution
		Debug|Any CPU = Debug|Any CPU
		Release|Any CPU = Release|Any CPU
	EndGlobalSection
	GlobalSection(ProjectConfigurationPlatforms) = postSolution
		{6CAFC0C6-A428-4D30-A9F9-700E829FEA51}.Debug|Any CPU.ActiveCfg = Debug|Any CPU
		{6CAFC0C6-A428-4D30-A9F9-700E829FEA51}.Debug|Any CPU.Build.0 = Debug|Any CPU
		{6CAFC0C6-A428-4D30-A9F9-700E829FEA51}.Release|Any CPU.ActiveCfg = Release|Any CPU
		{6CAFC0C6-A428-4D30-A9F9-700E829FEA51}.Release|Any CPU.Build.0 = Release|Any CPU
		{706A0D64-CA5D-42F3-BF77-8D02F4491B12}.Debug|Any CPU.ActiveCfg = Debug|Any CPU
		{706A0D64-CA5D-42F3-BF77-8D02F4491B12}.Debug|Any CPU.Build.0 = Debug|Any CPU
		{706A0D64-CA5D-42F3-BF77-8D02F4491B12}.Release|Any CPU.ActiveCfg = Release|Any CPU
		{706A0D64-CA5D-42F3-BF77-8D02F4491B12}.Release|Any CPU.Build.0 = Release|Any CPU
		{F3BE50BF-2385-4558-BF43-3117CD2CFCDA}.Debug|Any CPU.ActiveCfg = Debug|Any CPU
		{F3BE50BF-2385-4558-BF43-3117CD2CFCDA}.Debug|Any CPU.Build.0 = Debug|Any CPU
		{F3BE50BF-2385-4558-BF43-3117CD2CFCDA}.Release|Any CPU.ActiveCfg = Release|Any CPU
		{F3BE50BF-2385-4558-BF43-3117CD2CFCDA}.Release|Any CPU.Build.0 = Release|Any CPU
	EndGlobalSection
	GlobalSection(SolutionProperties) = preSolution
		HideSolutionNode = FALSE
	EndGlobalSection
	GlobalSection(ExtensibilityGlobals) = postSolution
		SolutionGuid = {023BD4D1-8239-4D40-8AFE-C6F29DC56F11}
	EndGlobalSection
EndGlobal
